
Microsoft Visual Studio Solution File, Format Version 12.00
# Visual Studio Version 16
VisualStudioVersion = 16.0.29025.244
MinimumVisualStudioVersion = 10.0.40219.1
Project("{2150E333-8FDC-42A3-9474-1A3956D46DE8}") = "src", "src", "{5990EB9D-81FC-4D3D-BD99-DFC9E1ABF083}"
EndProject
Project("{9A19103F-16F7-4668-BE54-9A1E7A4F7556}") = "Lightest.Data", "src\Lightest.Data\Lightest.Data.csproj", "{0A091015-4513-4AE5-BEC0-03A0B3E37B98}"
EndProject
Project("{2150E333-8FDC-42A3-9474-1A3956D46DE8}") = "test", "test", "{9654540D-389B-40CC-94F9-CE5BEB98B66B}"
EndProject
Project("{9A19103F-16F7-4668-BE54-9A1E7A4F7556}") = "Lightest.Api", "src\Lightest.Api\Lightest.Api.csproj", "{9C13F36E-5668-4C10-B991-585F446C205B}"
EndProject
Project("{2150E333-8FDC-42A3-9474-1A3956D46DE8}") = "Solution Items", "Solution Items", "{47F612E8-54CF-4DED-A7D2-C3805458DE72}"
	ProjectSection(SolutionItems) = preProject
		.editorconfig = .editorconfig
		.gitignore = .gitignore
		.travis.yml = .travis.yml
		README.md = README.md
	EndProjectSection
EndProject
Project("{9A19103F-16F7-4668-BE54-9A1E7A4F7556}") = "Lightest.IdentityServer", "src\Lightest.IdentityServer\Lightest.IdentityServer.csproj", "{5382A1B3-082F-4AA2-9BF8-CDDD18CAF66E}"
EndProject
Project("{9A19103F-16F7-4668-BE54-9A1E7A4F7556}") = "Lightest.TestingService", "src\Lightest.TestingService\Lightest.TestingService.csproj", "{5E89AF76-654A-4057-A51A-5976863C31C1}"
EndProject
Project("{9A19103F-16F7-4668-BE54-9A1E7A4F7556}") = "Lightest.AccessService", "src\Lightest.AccessService\Lightest.AccessService.csproj", "{C36715C4-BD4E-47DC-835A-9D0344DABA6A}"
EndProject
Project("{9A19103F-16F7-4668-BE54-9A1E7A4F7556}") = "Lightest.TransferTest", "test\manual\Lightest.TransferTest\Lightest.TransferTest.csproj", "{3EA31ABF-777E-428B-92F4-FBEFABB7E6EF}"
EndProject
Project("{2150E333-8FDC-42A3-9474-1A3956D46DE8}") = "Manual", "Manual", "{E845647B-D404-491F-B6A8-678A9AC80391}"
EndProject
Project("{9A19103F-16F7-4668-BE54-9A1E7A4F7556}") = "Lightest.Data.Seeding", "src\Lightest.Data.Seeding\Lightest.Data.Seeding.csproj", "{C393868C-512E-464E-A202-B23B82B65EAE}"
EndProject
Project("{2150E333-8FDC-42A3-9474-1A3956D46DE8}") = "Auto", "Auto", "{34FE60CB-387E-49DE-9E6F-76F2EDDA9C6A}"
EndProject
Project("{9A19103F-16F7-4668-BE54-9A1E7A4F7556}") = "Lightest.Tests.TestingService", "test\auto\Lightest.Tests.TestingService\Lightest.Tests.TestingService.csproj", "{BDDD8F57-8090-49D6-BB0F-55578B600016}"
EndProject
Project("{FAE04EC0-301F-11D3-BF4B-00C04F79EFBC}") = "Lightest.Tests.Api", "test\auto\Lightest.Tests.Api\Lightest.Tests.Api.csproj", "{AAC64A31-B63D-4F8D-8735-077EF5E70947}"
EndProject
Global
	GlobalSection(SolutionConfigurationPlatforms) = preSolution
		Debug|Any CPU = Debug|Any CPU
		Release|Any CPU = Release|Any CPU
	EndGlobalSection
	GlobalSection(ProjectConfigurationPlatforms) = postSolution
		{0A091015-4513-4AE5-BEC0-03A0B3E37B98}.Debug|Any CPU.ActiveCfg = Debug|Any CPU
		{0A091015-4513-4AE5-BEC0-03A0B3E37B98}.Debug|Any CPU.Build.0 = Debug|Any CPU
		{0A091015-4513-4AE5-BEC0-03A0B3E37B98}.Release|Any CPU.ActiveCfg = Release|Any CPU
		{0A091015-4513-4AE5-BEC0-03A0B3E37B98}.Release|Any CPU.Build.0 = Release|Any CPU
		{9C13F36E-5668-4C10-B991-585F446C205B}.Debug|Any CPU.ActiveCfg = Debug|Any CPU
		{9C13F36E-5668-4C10-B991-585F446C205B}.Debug|Any CPU.Build.0 = Debug|Any CPU
		{9C13F36E-5668-4C10-B991-585F446C205B}.Release|Any CPU.ActiveCfg = Release|Any CPU
		{9C13F36E-5668-4C10-B991-585F446C205B}.Release|Any CPU.Build.0 = Release|Any CPU
		{5382A1B3-082F-4AA2-9BF8-CDDD18CAF66E}.Debug|Any CPU.ActiveCfg = Debug|Any CPU
		{5382A1B3-082F-4AA2-9BF8-CDDD18CAF66E}.Debug|Any CPU.Build.0 = Debug|Any CPU
		{5382A1B3-082F-4AA2-9BF8-CDDD18CAF66E}.Release|Any CPU.ActiveCfg = Release|Any CPU
		{5382A1B3-082F-4AA2-9BF8-CDDD18CAF66E}.Release|Any CPU.Build.0 = Release|Any CPU
		{5E89AF76-654A-4057-A51A-5976863C31C1}.Debug|Any CPU.ActiveCfg = Debug|Any CPU
		{5E89AF76-654A-4057-A51A-5976863C31C1}.Debug|Any CPU.Build.0 = Debug|Any CPU
		{5E89AF76-654A-4057-A51A-5976863C31C1}.Release|Any CPU.ActiveCfg = Release|Any CPU
		{5E89AF76-654A-4057-A51A-5976863C31C1}.Release|Any CPU.Build.0 = Release|Any CPU
		{C36715C4-BD4E-47DC-835A-9D0344DABA6A}.Debug|Any CPU.ActiveCfg = Debug|Any CPU
		{C36715C4-BD4E-47DC-835A-9D0344DABA6A}.Debug|Any CPU.Build.0 = Debug|Any CPU
		{C36715C4-BD4E-47DC-835A-9D0344DABA6A}.Release|Any CPU.ActiveCfg = Release|Any CPU
		{C36715C4-BD4E-47DC-835A-9D0344DABA6A}.Release|Any CPU.Build.0 = Release|Any CPU
		{3EA31ABF-777E-428B-92F4-FBEFABB7E6EF}.Debug|Any CPU.ActiveCfg = Debug|Any CPU
		{3EA31ABF-777E-428B-92F4-FBEFABB7E6EF}.Debug|Any CPU.Build.0 = Debug|Any CPU
		{3EA31ABF-777E-428B-92F4-FBEFABB7E6EF}.Release|Any CPU.ActiveCfg = Release|Any CPU
		{3EA31ABF-777E-428B-92F4-FBEFABB7E6EF}.Release|Any CPU.Build.0 = Release|Any CPU
		{C393868C-512E-464E-A202-B23B82B65EAE}.Debug|Any CPU.ActiveCfg = Debug|Any CPU
		{C393868C-512E-464E-A202-B23B82B65EAE}.Debug|Any CPU.Build.0 = Debug|Any CPU
		{C393868C-512E-464E-A202-B23B82B65EAE}.Release|Any CPU.ActiveCfg = Release|Any CPU
		{C393868C-512E-464E-A202-B23B82B65EAE}.Release|Any CPU.Build.0 = Release|Any CPU
		{BDDD8F57-8090-49D6-BB0F-55578B600016}.Debug|Any CPU.ActiveCfg = Debug|Any CPU
		{BDDD8F57-8090-49D6-BB0F-55578B600016}.Debug|Any CPU.Build.0 = Debug|Any CPU
		{BDDD8F57-8090-49D6-BB0F-55578B600016}.Release|Any CPU.ActiveCfg = Release|Any CPU
		{BDDD8F57-8090-49D6-BB0F-55578B600016}.Release|Any CPU.Build.0 = Release|Any CPU
		{AAC64A31-B63D-4F8D-8735-077EF5E70947}.Debug|Any CPU.ActiveCfg = Debug|Any CPU
		{AAC64A31-B63D-4F8D-8735-077EF5E70947}.Debug|Any CPU.Build.0 = Debug|Any CPU
		{AAC64A31-B63D-4F8D-8735-077EF5E70947}.Release|Any CPU.ActiveCfg = Release|Any CPU
		{AAC64A31-B63D-4F8D-8735-077EF5E70947}.Release|Any CPU.Build.0 = Release|Any CPU
	EndGlobalSection
	GlobalSection(SolutionProperties) = preSolution
		HideSolutionNode = FALSE
	EndGlobalSection
	GlobalSection(NestedProjects) = preSolution
		{0A091015-4513-4AE5-BEC0-03A0B3E37B98} = {5990EB9D-81FC-4D3D-BD99-DFC9E1ABF083}
		{9C13F36E-5668-4C10-B991-585F446C205B} = {5990EB9D-81FC-4D3D-BD99-DFC9E1ABF083}
		{5382A1B3-082F-4AA2-9BF8-CDDD18CAF66E} = {5990EB9D-81FC-4D3D-BD99-DFC9E1ABF083}
		{5E89AF76-654A-4057-A51A-5976863C31C1} = {5990EB9D-81FC-4D3D-BD99-DFC9E1ABF083}
		{C36715C4-BD4E-47DC-835A-9D0344DABA6A} = {5990EB9D-81FC-4D3D-BD99-DFC9E1ABF083}
		{3EA31ABF-777E-428B-92F4-FBEFABB7E6EF} = {E845647B-D404-491F-B6A8-678A9AC80391}
		{E845647B-D404-491F-B6A8-678A9AC80391} = {9654540D-389B-40CC-94F9-CE5BEB98B66B}
		{C393868C-512E-464E-A202-B23B82B65EAE} = {5990EB9D-81FC-4D3D-BD99-DFC9E1ABF083}
		{34FE60CB-387E-49DE-9E6F-76F2EDDA9C6A} = {9654540D-389B-40CC-94F9-CE5BEB98B66B}
		{BDDD8F57-8090-49D6-BB0F-55578B600016} = {34FE60CB-387E-49DE-9E6F-76F2EDDA9C6A}
		{AAC64A31-B63D-4F8D-8735-077EF5E70947} = {34FE60CB-387E-49DE-9E6F-76F2EDDA9C6A}
	EndGlobalSection
	GlobalSection(ExtensibilityGlobals) = postSolution
		SolutionGuid = {8A7756E5-070E-44DC-ABA2-27F8AD7143DC}
	EndGlobalSection
EndGlobal
